
Microsoft Visual Studio Solution File, Format Version 12.00
# Visual Studio 14
VisualStudioVersion = 14.0.25420.1
MinimumVisualStudioVersion = 10.0.40219.1
Project("{8BC9CEB8-8B4A-11D0-8D11-00A0C91BC942}") = "SimpleLinkedList", "SimpleLinkedList\SimpleLinkedList.vcxproj", "{8942A19D-7AFC-4467-8AB1-539C245BC7B3}"
EndProject
Project("{8BC9CEB8-8B4A-11D0-8D11-00A0C91BC942}") = "DoubleLinkedList", "DoubleLinkedList\DoubleLinkedList.vcxproj", "{9477FE37-CC50-498C-8E7B-BF2663DCCDF0}"
EndProject
Project("{8BC9CEB8-8B4A-11D0-8D11-00A0C91BC942}") = "BinarySearchTree", "BinarySearchTree\BinarySearchTree.vcxproj", "{2294E77B-509B-4BFC-AC9E-90888CFA5D8D}"
EndProject
Project("{8BC9CEB8-8B4A-11D0-8D11-00A0C91BC942}") = "AVLTree", "AVLTree\AVLTree.vcxproj", "{8180E46F-7391-4DA3-BA83-6A454F1615C3}"
EndProject
Project("{8BC9CEB8-8B4A-11D0-8D11-00A0C91BC942}") = "HashTable", "HashTable\HashTable.vcxproj", "{93C26ACF-F2CF-434E-A9E7-B60BF0FA018C}"
EndProject
Project("{8BC9CEB8-8B4A-11D0-8D11-00A0C91BC942}") = "Bilet2", "Bilet2\Bilet2.vcxproj", "{B1D71D41-9B7B-4F61-B677-E3CA0654C022}"
EndProject
Global
	GlobalSection(SolutionConfigurationPlatforms) = preSolution
		Debug|x64 = Debug|x64
		Debug|x86 = Debug|x86
		Release|x64 = Release|x64
		Release|x86 = Release|x86
	EndGlobalSection
	GlobalSection(ProjectConfigurationPlatforms) = postSolution
		{8942A19D-7AFC-4467-8AB1-539C245BC7B3}.Debug|x64.ActiveCfg = Debug|x64
		{8942A19D-7AFC-4467-8AB1-539C245BC7B3}.Debug|x64.Build.0 = Debug|x64
		{8942A19D-7AFC-4467-8AB1-539C245BC7B3}.Debug|x86.ActiveCfg = Debug|Win32
		{8942A19D-7AFC-4467-8AB1-539C245BC7B3}.Debug|x86.Build.0 = Debug|Win32
		{8942A19D-7AFC-4467-8AB1-539C245BC7B3}.Release|x64.ActiveCfg = Release|x64
		{8942A19D-7AFC-4467-8AB1-539C245BC7B3}.Release|x64.Build.0 = Release|x64
		{8942A19D-7AFC-4467-8AB1-539C245BC7B3}.Release|x86.ActiveCfg = Release|Win32
		{8942A19D-7AFC-4467-8AB1-539C245BC7B3}.Release|x86.Build.0 = Release|Win32
		{9477FE37-CC50-498C-8E7B-BF2663DCCDF0}.Debug|x64.ActiveCfg = Debug|x64
		{9477FE37-CC50-498C-8E7B-BF2663DCCDF0}.Debug|x64.Build.0 = Debug|x64
		{9477FE37-CC50-498C-8E7B-BF2663DCCDF0}.Debug|x86.ActiveCfg = Debug|Win32
		{9477FE37-CC50-498C-8E7B-BF2663DCCDF0}.Debug|x86.Build.0 = Debug|Win32
		{9477FE37-CC50-498C-8E7B-BF2663DCCDF0}.Release|x64.ActiveCfg = Release|x64
		{9477FE37-CC50-498C-8E7B-BF2663DCCDF0}.Release|x64.Build.0 = Release|x64
		{9477FE37-CC50-498C-8E7B-BF2663DCCDF0}.Release|x86.ActiveCfg = Release|Win32
		{9477FE37-CC50-498C-8E7B-BF2663DCCDF0}.Release|x86.Build.0 = Release|Win32
		{2294E77B-509B-4BFC-AC9E-90888CFA5D8D}.Debug|x64.ActiveCfg = Debug|x64
		{2294E77B-509B-4BFC-AC9E-90888CFA5D8D}.Debug|x64.Build.0 = Debug|x64
		{2294E77B-509B-4BFC-AC9E-90888CFA5D8D}.Debug|x86.ActiveCfg = Debug|Win32
		{2294E77B-509B-4BFC-AC9E-90888CFA5D8D}.Debug|x86.Build.0 = Debug|Win32
		{2294E77B-509B-4BFC-AC9E-90888CFA5D8D}.Release|x64.ActiveCfg = Release|x64
		{2294E77B-509B-4BFC-AC9E-90888CFA5D8D}.Release|x64.Build.0 = Release|x64
		{2294E77B-509B-4BFC-AC9E-90888CFA5D8D}.Release|x86.ActiveCfg = Release|Win32
		{2294E77B-509B-4BFC-AC9E-90888CFA5D8D}.Release|x86.Build.0 = Release|Win32
		{8180E46F-7391-4DA3-BA83-6A454F1615C3}.Debug|x64.ActiveCfg = Debug|x64
		{8180E46F-7391-4DA3-BA83-6A454F1615C3}.Debug|x64.Build.0 = Debug|x64
		{8180E46F-7391-4DA3-BA83-6A454F1615C3}.Debug|x86.ActiveCfg = Debug|Win32
		{8180E46F-7391-4DA3-BA83-6A454F1615C3}.Debug|x86.Build.0 = Debug|Win32
		{8180E46F-7391-4DA3-BA83-6A454F1615C3}.Release|x64.ActiveCfg = Release|x64
		{8180E46F-7391-4DA3-BA83-6A454F1615C3}.Release|x64.Build.0 = Release|x64
		{8180E46F-7391-4DA3-BA83-6A454F1615C3}.Release|x86.ActiveCfg = Release|Win32
		{8180E46F-7391-4DA3-BA83-6A454F1615C3}.Release|x86.Build.0 = Release|Win32
		{93C26ACF-F2CF-434E-A9E7-B60BF0FA018C}.Debug|x64.ActiveCfg = Debug|x64
		{93C26ACF-F2CF-434E-A9E7-B60BF0FA018C}.Debug|x64.Build.0 = Debug|x64
		{93C26ACF-F2CF-434E-A9E7-B60BF0FA018C}.Debug|x86.ActiveCfg = Debug|Win32
		{93C26ACF-F2CF-434E-A9E7-B60BF0FA018C}.Debug|x86.Build.0 = Debug|Win32
		{93C26ACF-F2CF-434E-A9E7-B60BF0FA018C}.Release|x64.ActiveCfg = Release|x64
		{93C26ACF-F2CF-434E-A9E7-B60BF0FA018C}.Release|x64.Build.0 = Release|x64
		{93C26ACF-F2CF-434E-A9E7-B60BF0FA018C}.Release|x86.ActiveCfg = Release|Win32
		{93C26ACF-F2CF-434E-A9E7-B60BF0FA018C}.Release|x86.Build.0 = Release|Win32
		{B1D71D41-9B7B-4F61-B677-E3CA0654C022}.Debug|x64.ActiveCfg = Debug|x64
		{B1D71D41-9B7B-4F61-B677-E3CA0654C022}.Debug|x64.Build.0 = Debug|x64
		{B1D71D41-9B7B-4F61-B677-E3CA0654C022}.Debug|x86.ActiveCfg = Debug|Win32
		{B1D71D41-9B7B-4F61-B677-E3CA0654C022}.Debug|x86.Build.0 = Debug|Win32
		{B1D71D41-9B7B-4F61-B677-E3CA0654C022}.Release|x64.ActiveCfg = Release|x64
		{B1D71D41-9B7B-4F61-B677-E3CA0654C022}.Release|x64.Build.0 = Release|x64
		{B1D71D41-9B7B-4F61-B677-E3CA0654C022}.Release|x86.ActiveCfg = Release|Win32
		{B1D71D41-9B7B-4F61-B677-E3CA0654C022}.Release|x86.Build.0 = Release|Win32
	EndGlobalSection
	GlobalSection(SolutionProperties) = preSolution
		HideSolutionNode = FALSE
	EndGlobalSection
EndGlobal
